
Microsoft Visual Studio Solution File, Format Version 12.00
# Visual Studio Version 16
VisualStudioVersion = 16.0.34114.132
MinimumVisualStudioVersion = 10.0.40219.1
Project("{8BC9CEB8-8B4A-11D0-8D11-00A0C91BC942}") = "Minigames", "Minigames\Minigames.vcxproj", "{6BBBF988-FBF6-404D-94EA-89F0AFA81F79}"
EndProject
Global
	GlobalSection(SolutionConfigurationPlatforms) = preSolution
		Debug|x64 = Debug|x64
		Debug|x86 = Debug|x86
		Release|x64 = Release|x64
		Release|x86 = Release|x86
	EndGlobalSection
	GlobalSection(ProjectConfigurationPlatforms) = postSolution
		{6BBBF988-FBF6-404D-94EA-89F0AFA81F79}.Debug|x64.ActiveCfg = Debug|x64
		{6BBBF988-FBF6-404D-94EA-89F0AFA81F79}.Debug|x64.Build.0 = Debug|x64
		{6BBBF988-FBF6-404D-94EA-89F0AFA81F79}.Debug|x86.ActiveCfg = Debug|Win32
		{6BBBF988-FBF6-404D-94EA-89F0AFA81F79}.Debug|x86.Build.0 = Debug|Win32
		{6BBBF988-FBF6-404D-94EA-89F0AFA81F79}.Release|x64.ActiveCfg = Release|x64
		{6BBBF988-FBF6-404D-94EA-89F0AFA81F79}.Release|x64.Build.0 = Release|x64
		{6BBBF988-FBF6-404D-94EA-89F0AFA81F79}.Release|x86.ActiveCfg = Release|Win32
		{6BBBF988-FBF6-404D-94EA-89F0AFA81F79}.Release|x86.Build.0 = Release|Win32
	EndGlobalSection
	GlobalSection(SolutionProperties) = preSolution
		HideSolutionNode = FALSE
	EndGlobalSection
	GlobalSection(ExtensibilityGlobals) = postSolution
		SolutionGuid = {74932E81-08E0-4F65-9DA0-4F3FC64116E1}
	EndGlobalSection
EndGlobal
